{
  "name": "npm",
  "version": "1.0.0",
  "lockfileVersion": 3,
  "requires": true,
  "packages": {
    "": {
      "name": "npmteaa",
      "version": "1.0.0",
      "license": "MIT",
      "dependencies": {
        "version-1.0.0": "^1.0.0"
      }
    },
    "node_modules/version-1.0.0": {
      "version": "1.0.0",
      "resolved": "https://registry.npmjs.org/version-1.0.0/-/version-1.0.0-1.0.0.tgz",
      "integrity": "sha512-Y5zWzklcvWh04dyoPASN0jAGoVX4TvVci/HX7Uq+xTi32dup1wtCxtw2DQlA5KE/mE70xC9eKz6ofHQ6+3Se9w=="
    }
  }
}
